
Microsoft Visual Studio Solution File, Format Version 12.00
# Visual Studio 14
VisualStudioVersion = 14.0.24720.0
MinimumVisualStudioVersion = 10.0.40219.1
Project("{FAE04EC0-301F-11D3-BF4B-00C04F79EFBC}") = "BanCheckWindows", "BanCheckWindows\BanCheckWindows.csproj", "{0A5F8521-F1D5-4DBC-950C-5150C2E92ADE}"
EndProject
Global
	GlobalSection(SolutionConfigurationPlatforms) = preSolution
		Debug|Any CPU = Debug|Any CPU
		Release|Any CPU = Release|Any CPU
	EndGlobalSection
	GlobalSection(ProjectConfigurationPlatforms) = postSolution
		{0A5F8521-F1D5-4DBC-950C-5150C2E92ADE}.Debug|Any CPU.ActiveCfg = Debug|Any CPU
		{0A5F8521-F1D5-4DBC-950C-5150C2E92ADE}.Debug|Any CPU.Build.0 = Debug|Any CPU
		{0A5F8521-F1D5-4DBC-950C-5150C2E92ADE}.Release|Any CPU.ActiveCfg = Release|Any CPU
		{0A5F8521-F1D5-4DBC-950C-5150C2E92ADE}.Release|Any CPU.Build.0 = Release|Any CPU
	EndGlobalSection
	GlobalSection(SolutionProperties) = preSolution
		HideSolutionNode = FALSE
	EndGlobalSection
EndGlobal
